
Microsoft Visual Studio Solution File, Format Version 12.00
# Visual Studio Version 16
VisualStudioVersion = 16.0.31624.102
MinimumVisualStudioVersion = 10.0.40219.1
Project("{8BC9CEB8-8B4A-11D0-8D11-00A0C91BC942}") = "lab2_c", "lab2_c\lab2_c.vcxproj", "{3F889757-E843-4A9D-B112-C847E69DBAA6}"
EndProject
Project("{888888A0-9F3D-457C-B088-3A5042F75D52}") = "lab2_py", "lab2_py\lab2_py.pyproj", "{7AC04210-5D48-4984-A442-4668B02CA27B}"
EndProject
Global
	GlobalSection(SolutionConfigurationPlatforms) = preSolution
		Debug|Any CPU = Debug|Any CPU
		Debug|x64 = Debug|x64
		Debug|x86 = Debug|x86
		Release|Any CPU = Release|Any CPU
		Release|x64 = Release|x64
		Release|x86 = Release|x86
	EndGlobalSection
	GlobalSection(ProjectConfigurationPlatforms) = postSolution
		{3F889757-E843-4A9D-B112-C847E69DBAA6}.Debug|Any CPU.ActiveCfg = Debug|Win32
		{3F889757-E843-4A9D-B112-C847E69DBAA6}.Debug|x64.ActiveCfg = Debug|x64
		{3F889757-E843-4A9D-B112-C847E69DBAA6}.Debug|x64.Build.0 = Debug|x64
		{3F889757-E843-4A9D-B112-C847E69DBAA6}.Debug|x86.ActiveCfg = Debug|Win32
		{3F889757-E843-4A9D-B112-C847E69DBAA6}.Debug|x86.Build.0 = Debug|Win32
		{3F889757-E843-4A9D-B112-C847E69DBAA6}.Release|Any CPU.ActiveCfg = Release|Win32
		{3F889757-E843-4A9D-B112-C847E69DBAA6}.Release|x64.ActiveCfg = Release|x64
		{3F889757-E843-4A9D-B112-C847E69DBAA6}.Release|x64.Build.0 = Release|x64
		{3F889757-E843-4A9D-B112-C847E69DBAA6}.Release|x86.ActiveCfg = Release|Win32
		{3F889757-E843-4A9D-B112-C847E69DBAA6}.Release|x86.Build.0 = Release|Win32
		{7AC04210-5D48-4984-A442-4668B02CA27B}.Debug|Any CPU.ActiveCfg = Debug|Any CPU
		{7AC04210-5D48-4984-A442-4668B02CA27B}.Debug|x64.ActiveCfg = Debug|Any CPU
		{7AC04210-5D48-4984-A442-4668B02CA27B}.Debug|x86.ActiveCfg = Debug|Any CPU
		{7AC04210-5D48-4984-A442-4668B02CA27B}.Release|Any CPU.ActiveCfg = Release|Any CPU
		{7AC04210-5D48-4984-A442-4668B02CA27B}.Release|x64.ActiveCfg = Release|Any CPU
		{7AC04210-5D48-4984-A442-4668B02CA27B}.Release|x86.ActiveCfg = Release|Any CPU
	EndGlobalSection
	GlobalSection(SolutionProperties) = preSolution
		HideSolutionNode = FALSE
	EndGlobalSection
	GlobalSection(ExtensibilityGlobals) = postSolution
		SolutionGuid = {CFDE68D8-4742-494A-9C4F-DECF8C897354}
	EndGlobalSection
EndGlobal
