
Microsoft Visual Studio Solution File, Format Version 12.00
# Visual Studio Version 16
VisualStudioVersion = 16.0.32126.315
MinimumVisualStudioVersion = 10.0.40219.1
Project("{8BC9CEB8-8B4A-11D0-8D11-00A0C91BC942}") = "c_working", "c_working.vcxproj", "{66615B6E-81BE-4D58-91E1-C435144DA9CA}"
EndProject
Global
	GlobalSection(SolutionConfigurationPlatforms) = preSolution
		Debug|x64 = Debug|x64
		Debug|x86 = Debug|x86
		Release|x64 = Release|x64
		Release|x86 = Release|x86
	EndGlobalSection
	GlobalSection(ProjectConfigurationPlatforms) = postSolution
		{66615B6E-81BE-4D58-91E1-C435144DA9CA}.Debug|x64.ActiveCfg = Debug|x64
		{66615B6E-81BE-4D58-91E1-C435144DA9CA}.Debug|x64.Build.0 = Debug|x64
		{66615B6E-81BE-4D58-91E1-C435144DA9CA}.Debug|x86.ActiveCfg = Debug|Win32
		{66615B6E-81BE-4D58-91E1-C435144DA9CA}.Debug|x86.Build.0 = Debug|Win32
		{66615B6E-81BE-4D58-91E1-C435144DA9CA}.Release|x64.ActiveCfg = Release|x64
		{66615B6E-81BE-4D58-91E1-C435144DA9CA}.Release|x64.Build.0 = Release|x64
		{66615B6E-81BE-4D58-91E1-C435144DA9CA}.Release|x86.ActiveCfg = Release|Win32
		{66615B6E-81BE-4D58-91E1-C435144DA9CA}.Release|x86.Build.0 = Release|Win32
	EndGlobalSection
	GlobalSection(SolutionProperties) = preSolution
		HideSolutionNode = FALSE
	EndGlobalSection
	GlobalSection(ExtensibilityGlobals) = postSolution
		SolutionGuid = {13CC0392-E257-4B45-BAC5-02B6F58BC004}
	EndGlobalSection
EndGlobal
