
Microsoft Visual Studio Solution File, Format Version 12.00
# Visual Studio Version 16
VisualStudioVersion = 16.0.31624.102
MinimumVisualStudioVersion = 10.0.40219.1
Project("{8BC9CEB8-8B4A-11D0-8D11-00A0C91BC942}") = "c++", "c++\c++.vcxproj", "{F4D23C15-04C2-4874-8B1E-68AA5864CA27}"
EndProject
Project("{888888A0-9F3D-457C-B088-3A5042F75D52}") = "python", "python\python.pyproj", "{4554B78F-9008-4ADE-962D-0CC0ED6EAF8A}"
EndProject
Global
	GlobalSection(SolutionConfigurationPlatforms) = preSolution
		Debug|Any CPU = Debug|Any CPU
		Debug|x64 = Debug|x64
		Debug|x86 = Debug|x86
		Release|Any CPU = Release|Any CPU
		Release|x64 = Release|x64
		Release|x86 = Release|x86
	EndGlobalSection
	GlobalSection(ProjectConfigurationPlatforms) = postSolution
		{F4D23C15-04C2-4874-8B1E-68AA5864CA27}.Debug|Any CPU.ActiveCfg = Debug|Win32
		{F4D23C15-04C2-4874-8B1E-68AA5864CA27}.Debug|x64.ActiveCfg = Debug|x64
		{F4D23C15-04C2-4874-8B1E-68AA5864CA27}.Debug|x64.Build.0 = Debug|x64
		{F4D23C15-04C2-4874-8B1E-68AA5864CA27}.Debug|x86.ActiveCfg = Debug|Win32
		{F4D23C15-04C2-4874-8B1E-68AA5864CA27}.Debug|x86.Build.0 = Debug|Win32
		{F4D23C15-04C2-4874-8B1E-68AA5864CA27}.Release|Any CPU.ActiveCfg = Release|Win32
		{F4D23C15-04C2-4874-8B1E-68AA5864CA27}.Release|x64.ActiveCfg = Release|x64
		{F4D23C15-04C2-4874-8B1E-68AA5864CA27}.Release|x64.Build.0 = Release|x64
		{F4D23C15-04C2-4874-8B1E-68AA5864CA27}.Release|x86.ActiveCfg = Release|Win32
		{F4D23C15-04C2-4874-8B1E-68AA5864CA27}.Release|x86.Build.0 = Release|Win32
		{4554B78F-9008-4ADE-962D-0CC0ED6EAF8A}.Debug|Any CPU.ActiveCfg = Debug|Any CPU
		{4554B78F-9008-4ADE-962D-0CC0ED6EAF8A}.Debug|x64.ActiveCfg = Debug|Any CPU
		{4554B78F-9008-4ADE-962D-0CC0ED6EAF8A}.Debug|x86.ActiveCfg = Debug|Any CPU
		{4554B78F-9008-4ADE-962D-0CC0ED6EAF8A}.Release|Any CPU.ActiveCfg = Release|Any CPU
		{4554B78F-9008-4ADE-962D-0CC0ED6EAF8A}.Release|x64.ActiveCfg = Release|Any CPU
		{4554B78F-9008-4ADE-962D-0CC0ED6EAF8A}.Release|x86.ActiveCfg = Release|Any CPU
	EndGlobalSection
	GlobalSection(SolutionProperties) = preSolution
		HideSolutionNode = FALSE
	EndGlobalSection
	GlobalSection(ExtensibilityGlobals) = postSolution
		SolutionGuid = {3272AFAB-F280-456B-834B-8856E15E06C8}
	EndGlobalSection
EndGlobal
